
Microsoft Visual Studio Solution File, Format Version 10.00
# Visual Studio 2008
Project("{F184B08F-C81C-45F6-A57F-5ABD9991F28F}") = "MvcApplication1", "MvcApplication1\MvcApplication1.vbproj", "{E68A4517-5800-4F65-9902-88DD13B95AE0}"
EndProject
Project("{F184B08F-C81C-45F6-A57F-5ABD9991F28F}") = "MvcApplication1.Tests", "MvcApplication1.Tests\MvcApplication1.Tests.vbproj", "{44C9ADB8-C740-4A4E-ADD4-2556CF662484}"
EndProject
Global
	GlobalSection(SolutionConfigurationPlatforms) = preSolution
		Debug|Any CPU = Debug|Any CPU
		Release|Any CPU = Release|Any CPU
	EndGlobalSection
	GlobalSection(ProjectConfigurationPlatforms) = postSolution
		{E68A4517-5800-4F65-9902-88DD13B95AE0}.Debug|Any CPU.ActiveCfg = Debug|Any CPU
		{E68A4517-5800-4F65-9902-88DD13B95AE0}.Debug|Any CPU.Build.0 = Debug|Any CPU
		{E68A4517-5800-4F65-9902-88DD13B95AE0}.Release|Any CPU.ActiveCfg = Release|Any CPU
		{E68A4517-5800-4F65-9902-88DD13B95AE0}.Release|Any CPU.Build.0 = Release|Any CPU
		{44C9ADB8-C740-4A4E-ADD4-2556CF662484}.Debug|Any CPU.ActiveCfg = Debug|Any CPU
		{44C9ADB8-C740-4A4E-ADD4-2556CF662484}.Debug|Any CPU.Build.0 = Debug|Any CPU
		{44C9ADB8-C740-4A4E-ADD4-2556CF662484}.Release|Any CPU.ActiveCfg = Release|Any CPU
		{44C9ADB8-C740-4A4E-ADD4-2556CF662484}.Release|Any CPU.Build.0 = Release|Any CPU
	EndGlobalSection
	GlobalSection(SolutionProperties) = preSolution
		HideSolutionNode = FALSE
	EndGlobalSection
EndGlobal
