
Microsoft Visual Studio Solution File, Format Version 10.00
# Visual Studio 2008
Project("{F184B08F-C81C-45F6-A57F-5ABD9991F28F}") = "MvcApplication1", "MvcApplication1\MvcApplication1.vbproj", "{67C46AFC-B77F-470E-8275-4ADC44A80D37}"
EndProject
Project("{F184B08F-C81C-45F6-A57F-5ABD9991F28F}") = "MvcApplication1.Tests", "MvcApplication1.Tests\MvcApplication1.Tests.vbproj", "{61395F28-382F-4038-A0C7-26580C5AE9FB}"
EndProject
Global
	GlobalSection(SolutionConfigurationPlatforms) = preSolution
		Debug|Any CPU = Debug|Any CPU
		Release|Any CPU = Release|Any CPU
	EndGlobalSection
	GlobalSection(ProjectConfigurationPlatforms) = postSolution
		{67C46AFC-B77F-470E-8275-4ADC44A80D37}.Debug|Any CPU.ActiveCfg = Debug|Any CPU
		{67C46AFC-B77F-470E-8275-4ADC44A80D37}.Debug|Any CPU.Build.0 = Debug|Any CPU
		{67C46AFC-B77F-470E-8275-4ADC44A80D37}.Release|Any CPU.ActiveCfg = Release|Any CPU
		{67C46AFC-B77F-470E-8275-4ADC44A80D37}.Release|Any CPU.Build.0 = Release|Any CPU
		{61395F28-382F-4038-A0C7-26580C5AE9FB}.Debug|Any CPU.ActiveCfg = Debug|Any CPU
		{61395F28-382F-4038-A0C7-26580C5AE9FB}.Debug|Any CPU.Build.0 = Debug|Any CPU
		{61395F28-382F-4038-A0C7-26580C5AE9FB}.Release|Any CPU.ActiveCfg = Release|Any CPU
		{61395F28-382F-4038-A0C7-26580C5AE9FB}.Release|Any CPU.Build.0 = Release|Any CPU
	EndGlobalSection
	GlobalSection(SolutionProperties) = preSolution
		HideSolutionNode = FALSE
	EndGlobalSection
EndGlobal
