
Microsoft Visual Studio Solution File, Format Version 10.00
# Visual Studio 2008
Project("{FAE04EC0-301F-11D3-BF4B-00C04F79EFBC}") = "MvcApplication1", "MvcApplication1\MvcApplication1.csproj", "{591C0535-49C0-44FC-9BA7-6DBA02F7D4F7}"
EndProject
Project("{FAE04EC0-301F-11D3-BF4B-00C04F79EFBC}") = "MvcApplication1.Tests", "MvcApplication1.Tests\MvcApplication1.Tests.csproj", "{00DF6534-93EE-43A4-9FDD-1FBA4432C853}"
EndProject
Global
	GlobalSection(SolutionConfigurationPlatforms) = preSolution
		Debug|Any CPU = Debug|Any CPU
		Release|Any CPU = Release|Any CPU
	EndGlobalSection
	GlobalSection(ProjectConfigurationPlatforms) = postSolution
		{591C0535-49C0-44FC-9BA7-6DBA02F7D4F7}.Debug|Any CPU.ActiveCfg = Debug|Any CPU
		{591C0535-49C0-44FC-9BA7-6DBA02F7D4F7}.Debug|Any CPU.Build.0 = Debug|Any CPU
		{591C0535-49C0-44FC-9BA7-6DBA02F7D4F7}.Release|Any CPU.ActiveCfg = Release|Any CPU
		{591C0535-49C0-44FC-9BA7-6DBA02F7D4F7}.Release|Any CPU.Build.0 = Release|Any CPU
		{00DF6534-93EE-43A4-9FDD-1FBA4432C853}.Debug|Any CPU.ActiveCfg = Debug|Any CPU
		{00DF6534-93EE-43A4-9FDD-1FBA4432C853}.Debug|Any CPU.Build.0 = Debug|Any CPU
		{00DF6534-93EE-43A4-9FDD-1FBA4432C853}.Release|Any CPU.ActiveCfg = Release|Any CPU
		{00DF6534-93EE-43A4-9FDD-1FBA4432C853}.Release|Any CPU.Build.0 = Release|Any CPU
	EndGlobalSection
	GlobalSection(SolutionProperties) = preSolution
		HideSolutionNode = FALSE
	EndGlobalSection
EndGlobal
