
Microsoft Visual Studio Solution File, Format Version 10.00
# Visual Studio 2008
Project("{FAE04EC0-301F-11D3-BF4B-00C04F79EFBC}") = "MvcApplication1", "MvcApplication1\MvcApplication1.csproj", "{807DBFDF-9D14-4E9C-AC25-B9DA7236E7E9}"
EndProject
Project("{FAE04EC0-301F-11D3-BF4B-00C04F79EFBC}") = "MvcApplication1.Tests", "MvcApplication1.Tests\MvcApplication1.Tests.csproj", "{B0156850-476A-4B9B-8577-48B4A8B10927}"
EndProject
Global
	GlobalSection(SolutionConfigurationPlatforms) = preSolution
		Debug|Any CPU = Debug|Any CPU
		Release|Any CPU = Release|Any CPU
	EndGlobalSection
	GlobalSection(ProjectConfigurationPlatforms) = postSolution
		{807DBFDF-9D14-4E9C-AC25-B9DA7236E7E9}.Debug|Any CPU.ActiveCfg = Debug|Any CPU
		{807DBFDF-9D14-4E9C-AC25-B9DA7236E7E9}.Debug|Any CPU.Build.0 = Debug|Any CPU
		{807DBFDF-9D14-4E9C-AC25-B9DA7236E7E9}.Release|Any CPU.ActiveCfg = Release|Any CPU
		{807DBFDF-9D14-4E9C-AC25-B9DA7236E7E9}.Release|Any CPU.Build.0 = Release|Any CPU
		{B0156850-476A-4B9B-8577-48B4A8B10927}.Debug|Any CPU.ActiveCfg = Debug|Any CPU
		{B0156850-476A-4B9B-8577-48B4A8B10927}.Debug|Any CPU.Build.0 = Debug|Any CPU
		{B0156850-476A-4B9B-8577-48B4A8B10927}.Release|Any CPU.ActiveCfg = Release|Any CPU
		{B0156850-476A-4B9B-8577-48B4A8B10927}.Release|Any CPU.Build.0 = Release|Any CPU
	EndGlobalSection
	GlobalSection(SolutionProperties) = preSolution
		HideSolutionNode = FALSE
	EndGlobalSection
EndGlobal
