
Microsoft Visual Studio Solution File, Format Version 10.00
# Visual Studio 2008
Project("{F184B08F-C81C-45F6-A57F-5ABD9991F28F}") = "MvcApplication1", "MvcApplication1\MvcApplication1.vbproj", "{16FD664D-2A8C-4037-9F5E-021C467F843A}"
EndProject
Project("{F184B08F-C81C-45F6-A57F-5ABD9991F28F}") = "MvcApplication1.Tests", "MvcApplication1.Tests\MvcApplication1.Tests.vbproj", "{13686070-6DC9-48A9-A606-10D8396490DA}"
EndProject
Global
	GlobalSection(SolutionConfigurationPlatforms) = preSolution
		Debug|Any CPU = Debug|Any CPU
		Release|Any CPU = Release|Any CPU
	EndGlobalSection
	GlobalSection(ProjectConfigurationPlatforms) = postSolution
		{16FD664D-2A8C-4037-9F5E-021C467F843A}.Debug|Any CPU.ActiveCfg = Debug|Any CPU
		{16FD664D-2A8C-4037-9F5E-021C467F843A}.Debug|Any CPU.Build.0 = Debug|Any CPU
		{16FD664D-2A8C-4037-9F5E-021C467F843A}.Release|Any CPU.ActiveCfg = Release|Any CPU
		{16FD664D-2A8C-4037-9F5E-021C467F843A}.Release|Any CPU.Build.0 = Release|Any CPU
		{13686070-6DC9-48A9-A606-10D8396490DA}.Debug|Any CPU.ActiveCfg = Debug|Any CPU
		{13686070-6DC9-48A9-A606-10D8396490DA}.Debug|Any CPU.Build.0 = Debug|Any CPU
		{13686070-6DC9-48A9-A606-10D8396490DA}.Release|Any CPU.ActiveCfg = Release|Any CPU
		{13686070-6DC9-48A9-A606-10D8396490DA}.Release|Any CPU.Build.0 = Release|Any CPU
	EndGlobalSection
	GlobalSection(SolutionProperties) = preSolution
		HideSolutionNode = FALSE
	EndGlobalSection
EndGlobal
