
Microsoft Visual Studio Solution File, Format Version 10.00
# Visual Studio 2008
Project("{F184B08F-C81C-45F6-A57F-5ABD9991F28F}") = "LSMvcApplication", "LSMvcApplication\LSMvcApplication.vbproj", "{045A2D3F-3B15-4376-9009-62C9195D4B2E}"
EndProject
Project("{F184B08F-C81C-45F6-A57F-5ABD9991F28F}") = "LSMvcApplication.Tests", "LSMvcApplication.Tests\LSMvcApplication.Tests.vbproj", "{B6EF2550-10C3-4DBC-80BB-97B70C292CC9}"
EndProject
Global
	GlobalSection(SolutionConfigurationPlatforms) = preSolution
		Debug|Any CPU = Debug|Any CPU
		Release|Any CPU = Release|Any CPU
	EndGlobalSection
	GlobalSection(ProjectConfigurationPlatforms) = postSolution
		{045A2D3F-3B15-4376-9009-62C9195D4B2E}.Debug|Any CPU.ActiveCfg = Debug|Any CPU
		{045A2D3F-3B15-4376-9009-62C9195D4B2E}.Debug|Any CPU.Build.0 = Debug|Any CPU
		{045A2D3F-3B15-4376-9009-62C9195D4B2E}.Release|Any CPU.ActiveCfg = Release|Any CPU
		{045A2D3F-3B15-4376-9009-62C9195D4B2E}.Release|Any CPU.Build.0 = Release|Any CPU
		{B6EF2550-10C3-4DBC-80BB-97B70C292CC9}.Debug|Any CPU.ActiveCfg = Debug|Any CPU
		{B6EF2550-10C3-4DBC-80BB-97B70C292CC9}.Debug|Any CPU.Build.0 = Debug|Any CPU
		{B6EF2550-10C3-4DBC-80BB-97B70C292CC9}.Release|Any CPU.ActiveCfg = Release|Any CPU
		{B6EF2550-10C3-4DBC-80BB-97B70C292CC9}.Release|Any CPU.Build.0 = Release|Any CPU
	EndGlobalSection
	GlobalSection(SolutionProperties) = preSolution
		HideSolutionNode = FALSE
	EndGlobalSection
EndGlobal
