
Microsoft Visual Studio Solution File, Format Version 10.00
# Visual Studio 2008
Project("{FAE04EC0-301F-11D3-BF4B-00C04F79EFBC}") = "ToyStore", "ToyStore\ToyStore.csproj", "{8D158417-921C-4ED2-805E-07D290D6B980}"
EndProject
Project("{FAE04EC0-301F-11D3-BF4B-00C04F79EFBC}") = "ToyStore.Tests", "ToyStore.Tests\ToyStore.Tests.csproj", "{C1DFBC2F-1568-4A06-AE63-55DCBD88E00A}"
EndProject
Global
	GlobalSection(SolutionConfigurationPlatforms) = preSolution
		Debug|Any CPU = Debug|Any CPU
		Release|Any CPU = Release|Any CPU
	EndGlobalSection
	GlobalSection(ProjectConfigurationPlatforms) = postSolution
		{8D158417-921C-4ED2-805E-07D290D6B980}.Debug|Any CPU.ActiveCfg = Debug|Any CPU
		{8D158417-921C-4ED2-805E-07D290D6B980}.Debug|Any CPU.Build.0 = Debug|Any CPU
		{8D158417-921C-4ED2-805E-07D290D6B980}.Release|Any CPU.ActiveCfg = Release|Any CPU
		{8D158417-921C-4ED2-805E-07D290D6B980}.Release|Any CPU.Build.0 = Release|Any CPU
		{C1DFBC2F-1568-4A06-AE63-55DCBD88E00A}.Debug|Any CPU.ActiveCfg = Debug|Any CPU
		{C1DFBC2F-1568-4A06-AE63-55DCBD88E00A}.Debug|Any CPU.Build.0 = Debug|Any CPU
		{C1DFBC2F-1568-4A06-AE63-55DCBD88E00A}.Release|Any CPU.ActiveCfg = Release|Any CPU
		{C1DFBC2F-1568-4A06-AE63-55DCBD88E00A}.Release|Any CPU.Build.0 = Release|Any CPU
	EndGlobalSection
	GlobalSection(SolutionProperties) = preSolution
		HideSolutionNode = FALSE
	EndGlobalSection
EndGlobal
