
Microsoft Visual Studio Solution File, Format Version 10.00
# Visual Studio 2008
Project("{FAE04EC0-301F-11D3-BF4B-00C04F79EFBC}") = "MvcApplication1", "MvcApplication1\MvcApplication1.csproj", "{F19E450A-4271-4A1C-A885-360A411BC3EC}"
EndProject
Project("{FAE04EC0-301F-11D3-BF4B-00C04F79EFBC}") = "MvcApplication1.Tests", "MvcApplication1.Tests\MvcApplication1.Tests.csproj", "{1940384B-A2B8-4A0B-892B-2E29BC1B6152}"
EndProject
Global
	GlobalSection(SolutionConfigurationPlatforms) = preSolution
		Debug|Any CPU = Debug|Any CPU
		Release|Any CPU = Release|Any CPU
	EndGlobalSection
	GlobalSection(ProjectConfigurationPlatforms) = postSolution
		{F19E450A-4271-4A1C-A885-360A411BC3EC}.Debug|Any CPU.ActiveCfg = Debug|Any CPU
		{F19E450A-4271-4A1C-A885-360A411BC3EC}.Debug|Any CPU.Build.0 = Debug|Any CPU
		{F19E450A-4271-4A1C-A885-360A411BC3EC}.Release|Any CPU.ActiveCfg = Release|Any CPU
		{F19E450A-4271-4A1C-A885-360A411BC3EC}.Release|Any CPU.Build.0 = Release|Any CPU
		{1940384B-A2B8-4A0B-892B-2E29BC1B6152}.Debug|Any CPU.ActiveCfg = Debug|Any CPU
		{1940384B-A2B8-4A0B-892B-2E29BC1B6152}.Debug|Any CPU.Build.0 = Debug|Any CPU
		{1940384B-A2B8-4A0B-892B-2E29BC1B6152}.Release|Any CPU.ActiveCfg = Release|Any CPU
		{1940384B-A2B8-4A0B-892B-2E29BC1B6152}.Release|Any CPU.Build.0 = Release|Any CPU
	EndGlobalSection
	GlobalSection(SolutionProperties) = preSolution
		HideSolutionNode = FALSE
	EndGlobalSection
EndGlobal
