
Microsoft Visual Studio Solution File, Format Version 10.00
# Visual Studio 2008
Project("{F184B08F-C81C-45F6-A57F-5ABD9991F28F}") = "MvcApplication1", "MvcApplication1\MvcApplication1.vbproj", "{C22F2FCA-7977-4184-B26A-E273461B90BD}"
EndProject
Project("{F184B08F-C81C-45F6-A57F-5ABD9991F28F}") = "MvcApplication1.Tests", "MvcApplication1.Tests\MvcApplication1.Tests.vbproj", "{E53929A4-28EC-4424-BA27-63C2A2036B41}"
EndProject
Global
	GlobalSection(SolutionConfigurationPlatforms) = preSolution
		Debug|Any CPU = Debug|Any CPU
		Release|Any CPU = Release|Any CPU
	EndGlobalSection
	GlobalSection(ProjectConfigurationPlatforms) = postSolution
		{C22F2FCA-7977-4184-B26A-E273461B90BD}.Debug|Any CPU.ActiveCfg = Debug|Any CPU
		{C22F2FCA-7977-4184-B26A-E273461B90BD}.Debug|Any CPU.Build.0 = Debug|Any CPU
		{C22F2FCA-7977-4184-B26A-E273461B90BD}.Release|Any CPU.ActiveCfg = Release|Any CPU
		{C22F2FCA-7977-4184-B26A-E273461B90BD}.Release|Any CPU.Build.0 = Release|Any CPU
		{E53929A4-28EC-4424-BA27-63C2A2036B41}.Debug|Any CPU.ActiveCfg = Debug|Any CPU
		{E53929A4-28EC-4424-BA27-63C2A2036B41}.Debug|Any CPU.Build.0 = Debug|Any CPU
		{E53929A4-28EC-4424-BA27-63C2A2036B41}.Release|Any CPU.ActiveCfg = Release|Any CPU
		{E53929A4-28EC-4424-BA27-63C2A2036B41}.Release|Any CPU.Build.0 = Release|Any CPU
	EndGlobalSection
	GlobalSection(SolutionProperties) = preSolution
		HideSolutionNode = FALSE
	EndGlobalSection
EndGlobal
