
Microsoft Visual Studio Solution File, Format Version 10.00
# Visual Studio 2008
Project("{F184B08F-C81C-45F6-A57F-5ABD9991F28F}") = "UnleashedBlog", "UnleashedBlog\UnleashedBlog.vbproj", "{02642DDC-A049-4596-A4D7-C066B8C70608}"
EndProject
Project("{F184B08F-C81C-45F6-A57F-5ABD9991F28F}") = "UnleashedBlog.Tests", "UnleashedBlog.Tests\UnleashedBlog.Tests.vbproj", "{BC4D9E2B-AA06-4736-B101-18661066D877}"
EndProject
Global
	GlobalSection(SolutionConfigurationPlatforms) = preSolution
		Debug|Any CPU = Debug|Any CPU
		Release|Any CPU = Release|Any CPU
	EndGlobalSection
	GlobalSection(ProjectConfigurationPlatforms) = postSolution
		{02642DDC-A049-4596-A4D7-C066B8C70608}.Debug|Any CPU.ActiveCfg = Debug|Any CPU
		{02642DDC-A049-4596-A4D7-C066B8C70608}.Debug|Any CPU.Build.0 = Debug|Any CPU
		{02642DDC-A049-4596-A4D7-C066B8C70608}.Release|Any CPU.ActiveCfg = Release|Any CPU
		{02642DDC-A049-4596-A4D7-C066B8C70608}.Release|Any CPU.Build.0 = Release|Any CPU
		{BC4D9E2B-AA06-4736-B101-18661066D877}.Debug|Any CPU.ActiveCfg = Debug|Any CPU
		{BC4D9E2B-AA06-4736-B101-18661066D877}.Debug|Any CPU.Build.0 = Debug|Any CPU
		{BC4D9E2B-AA06-4736-B101-18661066D877}.Release|Any CPU.ActiveCfg = Release|Any CPU
		{BC4D9E2B-AA06-4736-B101-18661066D877}.Release|Any CPU.Build.0 = Release|Any CPU
	EndGlobalSection
	GlobalSection(SolutionProperties) = preSolution
		HideSolutionNode = FALSE
	EndGlobalSection
EndGlobal
